
Microsoft Visual Studio Solution File, Format Version 12.00
# Visual Studio Version 16
VisualStudioVersion = 16.0.30611.23
MinimumVisualStudioVersion = 10.0.40219.1
Project("{2150E333-8FDC-42A3-9474-1A3956D46DE8}") = "src", "src", "{DFAF1C7A-A73B-4C0B-8C09-B55937DAE880}"
EndProject
Project("{2150E333-8FDC-42A3-9474-1A3956D46DE8}") = "tests", "tests", "{C3CB7F1F-F1D6-42EF-B17E-B9FCE14393A9}"
EndProject
Project("{9A19103F-16F7-4668-BE54-9A1E7A4F7556}") = "Example1", "src\Example1\Example1.csproj", "{3457C08D-FB00-4133-9532-0AA1B84F3835}"
EndProject
Project("{9A19103F-16F7-4668-BE54-9A1E7A4F7556}") = "Example2", "src\Example2\Example2.csproj", "{BF7E64F1-EA8A-4F7D-82C0-3A7658AA8A9D}"
EndProject
Global
	GlobalSection(SolutionConfigurationPlatforms) = preSolution
		Debug|Any CPU = Debug|Any CPU
		Release|Any CPU = Release|Any CPU
	EndGlobalSection
	GlobalSection(ProjectConfigurationPlatforms) = postSolution
		{3457C08D-FB00-4133-9532-0AA1B84F3835}.Debug|Any CPU.ActiveCfg = Debug|Any CPU
		{3457C08D-FB00-4133-9532-0AA1B84F3835}.Debug|Any CPU.Build.0 = Debug|Any CPU
		{3457C08D-FB00-4133-9532-0AA1B84F3835}.Release|Any CPU.ActiveCfg = Release|Any CPU
		{3457C08D-FB00-4133-9532-0AA1B84F3835}.Release|Any CPU.Build.0 = Release|Any CPU
		{BF7E64F1-EA8A-4F7D-82C0-3A7658AA8A9D}.Debug|Any CPU.ActiveCfg = Debug|Any CPU
		{BF7E64F1-EA8A-4F7D-82C0-3A7658AA8A9D}.Debug|Any CPU.Build.0 = Debug|Any CPU
		{BF7E64F1-EA8A-4F7D-82C0-3A7658AA8A9D}.Release|Any CPU.ActiveCfg = Release|Any CPU
		{BF7E64F1-EA8A-4F7D-82C0-3A7658AA8A9D}.Release|Any CPU.Build.0 = Release|Any CPU
	EndGlobalSection
	GlobalSection(SolutionProperties) = preSolution
		HideSolutionNode = FALSE
	EndGlobalSection
	GlobalSection(NestedProjects) = preSolution
		{3457C08D-FB00-4133-9532-0AA1B84F3835} = {DFAF1C7A-A73B-4C0B-8C09-B55937DAE880}
		{BF7E64F1-EA8A-4F7D-82C0-3A7658AA8A9D} = {DFAF1C7A-A73B-4C0B-8C09-B55937DAE880}
	EndGlobalSection
	GlobalSection(ExtensibilityGlobals) = postSolution
		SolutionGuid = {996B35E2-AC3E-4BFE-A575-98F2FAF6C408}
	EndGlobalSection
EndGlobal
